{
  "name": "simple-ut",
  "version": "1.0.0",
  "lockfileVersion": 1,
  "requires": true,
  "dependencies": {
    "ansi-ec": {
      "version": "1.0.1",
      "resolved": "https://registry.npmjs.org/ansi-ec/-/ansi-ec-1.0.1.tgz",
      "integrity": "sha512-wvK33da+fFrS4Ze9vsUaB0ylXe4z4qxzdsKZ5dPS6RqnkxHaQRHNK6X5VrYBmANRqWIosUo/NciDkzrg7LnBbg=="
    }
  }
}
